
Microsoft Visual Studio Solution File, Format Version 12.00
Project("{FAE04EC0-301F-11D3-BF4B-00C04F79EFBC}") = "Backend", "Backend\Backend.csproj", "{3E9A5849-52EA-4F0A-9FB7-086EBD943BE5}"
EndProject
Project("{2150E333-8FDC-42A3-9474-1A3956D46DE8}") = "Solution Items", "Solution Items", "{5C2A7458-7695-4BE1-88CB-B4905D01D96A}"
	ProjectSection(SolutionItems) = preProject
		compose.yaml = compose.yaml
	EndProjectSection
EndProject
Project("{FAE04EC0-301F-11D3-BF4B-00C04F79EFBC}") = "SimpleTestAi", "SimpleTestAi\SimpleTestAi.csproj", "{B0E366B1-B8FD-4E7C-9349-5D5D418056BF}"
EndProject
Global
	GlobalSection(SolutionConfigurationPlatforms) = preSolution
		Debug|Any CPU = Debug|Any CPU
		Release|Any CPU = Release|Any CPU
	EndGlobalSection
	GlobalSection(ProjectConfigurationPlatforms) = postSolution
		{3E9A5849-52EA-4F0A-9FB7-086EBD943BE5}.Debug|Any CPU.ActiveCfg = Debug|Any CPU
		{3E9A5849-52EA-4F0A-9FB7-086EBD943BE5}.Debug|Any CPU.Build.0 = Debug|Any CPU
		{3E9A5849-52EA-4F0A-9FB7-086EBD943BE5}.Release|Any CPU.ActiveCfg = Release|Any CPU
		{3E9A5849-52EA-4F0A-9FB7-086EBD943BE5}.Release|Any CPU.Build.0 = Release|Any CPU
		{B0E366B1-B8FD-4E7C-9349-5D5D418056BF}.Debug|Any CPU.ActiveCfg = Debug|Any CPU
		{B0E366B1-B8FD-4E7C-9349-5D5D418056BF}.Debug|Any CPU.Build.0 = Debug|Any CPU
		{B0E366B1-B8FD-4E7C-9349-5D5D418056BF}.Release|Any CPU.ActiveCfg = Release|Any CPU
		{B0E366B1-B8FD-4E7C-9349-5D5D418056BF}.Release|Any CPU.Build.0 = Release|Any CPU
	EndGlobalSection
EndGlobal
