
Microsoft Visual Studio Solution File, Format Version 12.00
Project("{FAE04EC0-301F-11D3-BF4B-00C04F79EFBC}") = "AikiDataBuilder", "AikiDataBuilder\AikiDataBuilder.csproj", "{84ECD32B-1C50-4160-9EAE-FBBF7C740BA5}"
EndProject
Project("{2150E333-8FDC-42A3-9474-1A3956D46DE8}") = "Solution Items", "Solution Items", "{91C16D3A-EE3D-4E01-9705-B6BC6D14E12B}"
	ProjectSection(SolutionItems) = preProject
		compose.yaml = compose.yaml
	EndProjectSection
EndProject
Project("{FAE04EC0-301F-11D3-BF4B-00C04F79EFBC}") = "TestingProject", "TestingProject\TestingProject.csproj", "{2D470F1A-92EA-4BC3-85C2-A6F288DF0785}"
EndProject
Project("{FAE04EC0-301F-11D3-BF4B-00C04F79EFBC}") = "ASADiscordBot", "ASADiscordBot\ASADiscordBot.csproj", "{CB7D12C3-F75C-409B-98DA-09799EA504DB}"
EndProject
Global
	GlobalSection(SolutionConfigurationPlatforms) = preSolution
		Debug|Any CPU = Debug|Any CPU
		Release|Any CPU = Release|Any CPU
	EndGlobalSection
	GlobalSection(ProjectConfigurationPlatforms) = postSolution
		{84ECD32B-1C50-4160-9EAE-FBBF7C740BA5}.Debug|Any CPU.ActiveCfg = Debug|Any CPU
		{84ECD32B-1C50-4160-9EAE-FBBF7C740BA5}.Debug|Any CPU.Build.0 = Debug|Any CPU
		{84ECD32B-1C50-4160-9EAE-FBBF7C740BA5}.Release|Any CPU.ActiveCfg = Release|Any CPU
		{84ECD32B-1C50-4160-9EAE-FBBF7C740BA5}.Release|Any CPU.Build.0 = Release|Any CPU
		{2D470F1A-92EA-4BC3-85C2-A6F288DF0785}.Debug|Any CPU.ActiveCfg = Debug|Any CPU
		{2D470F1A-92EA-4BC3-85C2-A6F288DF0785}.Debug|Any CPU.Build.0 = Debug|Any CPU
		{2D470F1A-92EA-4BC3-85C2-A6F288DF0785}.Release|Any CPU.ActiveCfg = Release|Any CPU
		{2D470F1A-92EA-4BC3-85C2-A6F288DF0785}.Release|Any CPU.Build.0 = Release|Any CPU
		{CB7D12C3-F75C-409B-98DA-09799EA504DB}.Debug|Any CPU.ActiveCfg = Debug|Any CPU
		{CB7D12C3-F75C-409B-98DA-09799EA504DB}.Debug|Any CPU.Build.0 = Debug|Any CPU
		{CB7D12C3-F75C-409B-98DA-09799EA504DB}.Release|Any CPU.ActiveCfg = Release|Any CPU
		{CB7D12C3-F75C-409B-98DA-09799EA504DB}.Release|Any CPU.Build.0 = Release|Any CPU
	EndGlobalSection
EndGlobal
